
Microsoft Visual Studio Solution File, Format Version 12.00
# Visual Studio Version 16
VisualStudioVersion = 16.0.30804.86
MinimumVisualStudioVersion = 10.0.40219.1
Project("{FAE04EC0-301F-11D3-BF4B-00C04F79EFBC}") = "Tax0r Comboleecher", "Tax0r Comboleecher\Tax0r Comboleecher.csproj", "{8A87E2FA-9FEA-41AC-8536-316E17DDC97D}"
EndProject
Global
	GlobalSection(SolutionConfigurationPlatforms) = preSolution
		Debug|Any CPU = Debug|Any CPU
		Release|Any CPU = Release|Any CPU
	EndGlobalSection
	GlobalSection(ProjectConfigurationPlatforms) = postSolution
		{8A87E2FA-9FEA-41AC-8536-316E17DDC97D}.Debug|Any CPU.ActiveCfg = Debug|Any CPU
		{8A87E2FA-9FEA-41AC-8536-316E17DDC97D}.Debug|Any CPU.Build.0 = Debug|Any CPU
		{8A87E2FA-9FEA-41AC-8536-316E17DDC97D}.Release|Any CPU.ActiveCfg = Release|Any CPU
		{8A87E2FA-9FEA-41AC-8536-316E17DDC97D}.Release|Any CPU.Build.0 = Release|Any CPU
	EndGlobalSection
	GlobalSection(SolutionProperties) = preSolution
		HideSolutionNode = FALSE
	EndGlobalSection
	GlobalSection(ExtensibilityGlobals) = postSolution
		SolutionGuid = {4DC34F5C-E0D7-43AB-BA46-65D8E009C930}
	EndGlobalSection
EndGlobal
